// !$*UTF8*$!
{
	archiveVersion = 1;
	classes = {
	};
	objectVersion = 46;
	objects = {

/* Begin PBXBuildFile section */
		FE17200A1F02998C00603E51 /* AppDelegate.swift in Sources */ = {isa = PBXBuildFile; fileRef = FE1720091F02998C00603E51 /* AppDelegate.swift */; };
		FE17200C1F02998C00603E51 /* ViewController.swift in Sources */ = {isa = PBXBuildFile; fileRef = FE17200B1F02998C00603E51 /* ViewController.swift */; };
		FE17200F1F02998C00603E51 /* Main.storyboard in Resources */ = {isa = PBXBuildFile; fileRef = FE17200D1F02998C00603E51 /* Main.storyboard */; };
		FE1720111F02998C00603E51 /* Assets.xcassets in Resources */ = {isa = PBXBuildFile; fileRef = FE1720101F02998C00603E51 /* Assets.xcassets */; };
		FE1720141F02998C00603E51 /* LaunchScreen.storyboard in Resources */ = {isa = PBXBuildFile; fileRef = FE1720121F02998C00603E51 /* LaunchScreen.storyboard */; };
/* End PBXBuildFile section */

/* Begin PBXFileReference section */
		FE1720061F02998C00603E51 /* PagingSample.app */ = {isa = PBXFileReference; explicitFileType = wrapper.application; includeInIndex = 0; path = PagingSample.app; sourceTree = BUILT_PRODUCTS_DIR; };
		FE1720091F02998C00603E51 /* AppDelegate.swift */ = {isa = PBXFileReference; lastKnownFileType = sourcecode.swift; path = AppDelegate.swift; sourceTree = "<group>"; };
		FE17200B1F02998C00603E51 /* ViewController.swift */ = {isa = PBXFileReference; lastKnownFileType = sourcecode.swift; path = ViewController.swift; sourceTree = "<group>"; };
		FE17200E1F02998C00603E51 /* Base */ = {isa = PBXFileReference; lastKnownFileType = file.storyboard; name = Base; path = Base.lproj/Main.storyboard; sourceTree = "<group>"; };
		FE1720101F02998C00603E51 /* Assets.xcassets */ = {isa = PBXFileReference; lastKnownFileType = folder.assetcatalog; path = Assets.xcassets; sourceTree = "<group>"; };
		FE1720131F02998C00603E51 /* Base */ = {isa = PBXFileReference; lastKnownFileType = file.storyboard; name = Base; path = Base.lproj/LaunchScreen.storyboard; sourceTree = "<group>"; };
		FE1720151F02998C00603E51 /* Info.plist */ = {isa = PBXFileReference; lastKnownFileType = text.plist.xml; path = Info.plist; sourceTree = "<group>"; };
/* End PBXFileReference section */

/* Begin PBXFrameworksBuildPhase section */
		FE1720031F02998C00603E51 /* Frameworks */ = {
			isa = PBXFrameworksBuildPhase;
			buildActionMask = 2147483647;
			files = (
			);
			runOnlyForDeploymentPostprocessing = 0;
		};
/* End PBXFrameworksBuildPhase section */

/* Begin PBXGroup section */
		FE171FFD1F02998C00603E51 = {
			isa = PBXGroup;
			children = (
				FE1720081F02998C00603E51 /* PagingSample */,
				FE1720071F02998C00603E51 /* Products */,
			);
			sourceTree = "<group>";
		};
		FE1720071F02998C00603E51 /* Products */ = {
			isa = PBXGroup;
			children = (
				FE1720061F02998C00603E51 /* PagingSample.app */,
			);
			name = Products;
			sourceTree = "<group>";
		};
		FE1720081F02998C00603E51 /* PagingSample */ = {
			isa = PBXGroup;
			children = (
				FE1720091F02998C00603E51 /* AppDelegate.swift */,
				FE17200B1F02998C00603E51 /* ViewController.swift */,
				FE17200D1F02998C00603E51 /* Main.storyboard */,
				FE1720101F02998C00603E51 /* Assets.xcassets */,
				FE1720121F02998C00603E51 /* LaunchScreen.storyboard */,
				FE1720151F02998C00603E51 /* Info.plist */,
			);
			path = PagingSample;
			sourceTree = "<group>";
		};
/* End PBXGroup section */

/* Begin PBXNativeTarget section */
		FE1720051F02998C00603E51 /* PagingSample */ = {
			isa = PBXNativeTarget;
			buildConfigurationList = FE1720181F02998C00603E51 /* Build configuration list for PBXNativeTarget "PagingSample" */;
			buildPhases = (
				FE1720021F02998C00603E51 /* Sources */,
				FE1720031F02998C00603E51 /* Frameworks */,
				FE1720041F02998C00603E51 /* Resources */,
			);
			buildRules = (
			);
			dependencies = (
			);
			name = PagingSample;
			productName = PagingSample;
			productReference = FE1720061F02998C00603E51 /* PagingSample.app */;
			productType = "com.apple.product-type.application";
		};
/* End PBXNativeTarget section */

/* Begin PBXProject section */
		FE171FFE1F02998C00603E51 /* Project object */ = {
			isa = PBXProject;
			attributes = {
				LastSwiftUpdateCheck = 0830;
				LastUpgradeCheck = 0830;
				ORGANIZATIONNAME = "Piece of Cake Adventures, LLC.";
				TargetAttributes = {
					FE1720051F02998C00603E51 = {
						CreatedOnToolsVersion = 8.3.3;
						DevelopmentTeam = 9N4HA7TLU8;
						ProvisioningStyle = Automatic;
					};
				};
			};
			buildConfigurationList = FE1720011F02998C00603E51 /* Build configuration list for PBXProject "PagingSample" */;
			compatibilityVersion = "Xcode 3.2";
			developmentRegion = English;
			hasScannedForEncodings = 0;
			knownRegions = (
				en,
				Base,
			);
			mainGroup = FE171FFD1F02998C00603E51;
			productRefGroup = FE1720071F02998C00603E51 /* Products */;
			projectDirPath = "";
			projectRoot = "";
			targets = (
				FE1720051F02998C00603E51 /* PagingSample */,
			);
		};
/* End PBXProject section */

/* Begin PBXResourcesBuildPhase section */
		FE1720041F02998C00603E51 /* Resources */ = {
			isa = PBXResourcesBuildPhase;
			buildActionMask = 2147483647;
			files = (
				FE1720141F02998C00603E51 /* LaunchScreen.storyboard in Resources */,
				FE1720111F02998C00603E51 /* Assets.xcassets in Resources */,
				FE17200F1F02998C00603E51 /* Main.storyboard in Resources */,
			);
			runOnlyForDeploymentPostprocessing = 0;
		};
/* End PBXResourcesBuildPhase section */

/* Begin PBXSourcesBuildPhase section */
		FE1720021F02998C00603E51 /* Sources */ = {
			isa = PBXSourcesBuildPhase;
			buildActionMask = 2147483647;
			files = (
				FE17200C1F02998C00603E51 /* ViewController.swift in Sources */,
				FE17200A1F02998C00603E51 /* AppDelegate.swift in Sources */,
			);
			runOnlyForDeploymentPostprocessing = 0;
		};
/* End PBXSourcesBuildPhase section */

/* Begin PBXVariantGroup section */
		FE17200D1F02998C00603E51 /* Main.storyboard */ = {
			isa = PBXVariantGroup;
			children = (
				FE17200E1F02998C00603E51 /* Base */,
			);
			name = Main.storyboard;
			sourceTree = "<group>";
		};
		FE1720121F02998C00603E51 /* LaunchScreen.storyboard */ = {
			isa = PBXVariantGroup;
			children = (
				FE1720131F02998C00603E51 /* Base */,
			);
			name = LaunchScreen.storyboard;
			sourceTree = "<group>";
		};
/* End PBXVariantGroup section */

/* Begin XCBuildConfiguration section */
		FE1720161F02998C00603E51 /* Debug */ = {
			isa = XCBuildConfiguration;
			buildSettings = {
				ALWAYS_SEARCH_USER_PATHS = NO;
				CLANG_ANALYZER_NONNULL = YES;
				CLANG_ANALYZER_NUMBER_OBJECT_CONVERSION = YES_AGGRESSIVE;
				CLANG_CXX_LANGUAGE_STANDARD = "gnu++0x";
				CLANG_CXX_LIBRARY = "libc++";
				CLANG_ENABLE_MODULES = YES;
				CLANG_ENABLE_OBJC_ARC = YES;
				CLANG_WARN_BOOL_CONVERSION = YES;
				CLANG_WARN_CONSTANT_CONVERSION = YES;
				CLANG_WARN_DIRECT_OBJC_ISA_USAGE = YES_ERROR;
				CLANG_WARN_DOCUMENTATION_COMMENTS = YES;
				CLANG_WARN_EMPTY_BODY = YES;
				CLANG_WARN_ENUM_CONVERSION = YES;
				CLANG_WARN_INFINITE_RECURSION = YES;
				CLANG_WARN_INT_CONVERSION = YES;
				CLANG_WARN_OBJC_ROOT_CLASS = YES_ERROR;
				CLANG_WARN_SUSPICIOUS_MOVE = YES;
				CLANG_WARN_UNREACHABLE_CODE = YES;
				CLANG_WARN__DUPLICATE_METHOD_MATCH = YES;
				"CODE_SIGN_IDENTITY[sdk=iphoneos*]" = "iPhone Developer";
				COPY_PHASE_STRIP = NO;
				DEBUG_INFORMATION_FORMAT = dwarf;
				ENABLE_STRICT_OBJC_MSGSEND = YES;
				ENABLE_TESTABILITY = YES;
				GCC_C_LANGUAGE_STANDARD = gnu99;
				GCC_DYNAMIC_NO_PIC = NO;
				GCC_NO_COMMON_BLOCKS = YES;
				GCC_OPTIMIZATION_LEVEL = 0;
				GCC_PREPROCESSOR_DEFINITIONS = (
					"DEBUG=1",
					"$(inherited)",
				);
				GCC_WARN_64_TO_32_BIT_CONVERSION = YES;
				GCC_WARN_ABOUT_RETURN_TYPE = YES_ERROR;
				GCC_WARN_UNDECLARED_SELECTOR = YES;
				GCC_WARN_UNINITIALIZED_AUTOS = YES_AGGRESSIVE;
				GCC_WARN_UNUSED_FUNCTION = YES;
				GCC_WARN_UNUSED_VARIABLE = YES;
				IPHONEOS_DEPLOYMENT_TARGET = 10.3;
				MTL_ENABLE_DEBUG_INFO = YES;
				ONLY_ACTIVE_ARCH = YES;
				SDKROOT = iphoneos;
				SWIFT_ACTIVE_COMPILATION_CONDITIONS = DEBUG;
				SWIFT_OPTIMIZATION_LEVEL = "-Onone";
				TARGETED_DEVICE_FAMILY = "1,2";
			};
			name = Debug;
		};
		FE1720171F02998C00603E51 /* Release */ = {
			isa = XCBuildConfiguration;
			buildSettings = {
				ALWAYS_SEARCH_USER_PATHS = NO;
				CLANG_ANALYZER_NONNULL = YES;
				CLANG_ANALYZER_NUMBER_OBJECT_CONVERSION = YES_AGGRESSIVE;
				CLANG_CXX_LANGUAGE_STANDARD = "gnu++0x";
				CLANG_CXX_LIBRARY = "libc++";
				CLANG_ENABLE_MODULES = YES;
				CLANG_ENABLE_OBJC_ARC = YES;
				CLANG_WARN_BOOL_CONVERSION = YES;
				CLANG_WARN_CONSTANT_CONVERSION = YES;
				CLANG_WARN_DIRECT_OBJC_ISA_USAGE = YES_ERROR;
				CLANG_WARN_DOCUMENTATION_COMMENTS = YES;
				CLANG_WARN_EMPTY_BODY = YES;
				CLANG_WARN_ENUM_CONVERSION = YES;
				CLANG_WARN_INFINITE_RECURSION = YES;
				CLANG_WARN_INT_CONVERSION = YES;
				CLANG_WARN_OBJC_ROOT_CLASS = YES_ERROR;
				CLANG_WARN_SUSPICIOUS_MOVE = YES;
				CLANG_WARN_UNREACHABLE_CODE = YES;
				CLANG_WARN__DUPLICATE_METHOD_MATCH = YES;
				"CODE_SIGN_IDENTITY[sdk=iphoneos*]" = "iPhone Developer";
				COPY_PHASE_STRIP = NO;
				DEBUG_INFORMATION_FORMAT = "dwarf-with-dsym";
				ENABLE_NS_ASSERTIONS = NO;
				ENABLE_STRICT_OBJC_MSGSEND = YES;
				GCC_C_LANGUAGE_STANDARD = gnu99;
				GCC_NO_COMMON_BLOCKS = YES;
				GCC_WARN_64_TO_32_BIT_CONVERSION = YES;
				GCC_WARN_ABOUT_RETURN_TYPE = YES_ERROR;
				GCC_WARN_UNDECLARED_SELECTOR = YES;
				GCC_WARN_UNINITIALIZED_AUTOS = YES_AGGRESSIVE;
				GCC_WARN_UNUSED_FUNCTION = YES;
				GCC_WARN_UNUSED_VARIABLE = YES;
				IPHONEOS_DEPLOYMENT_TARGET = 10.3;
				MTL_ENABLE_DEBUG_INFO = NO;
				SDKROOT = iphoneos;
				SWIFT_OPTIMIZATION_LEVEL = "-Owholemodule";
				TARGETED_DEVICE_FAMILY = "1,2";
				VALIDATE_PRODUCT = YES;
			};
			name = Release;
		};
		FE1720191F02998C00603E51 /* Debug */ = {
			isa = XCBuildConfiguration;
			buildSettings = {
				ASSETCATALOG_COMPILER_APPICON_NAME = AppIcon;
				DEVELOPMENT_TEAM = 9N4HA7TLU8;
				INFOPLIST_FILE = PagingSample/Info.plist;
				LD_RUNPATH_SEARCH_PATHS = "$(inherited) @executable_path/Frameworks";
				PRODUCT_BUNDLE_IDENTIFIER = nyc.flax.PagingSample;
				PRODUCT_NAME = "$(TARGET_NAME)";
				SWIFT_VERSION = 3.0;
			};
			name = Debug;
		};
		FE17201A1F02998C00603E51 /* Release */ = {
			isa = XCBuildConfiguration;
			buildSettings = {
				ASSETCATALOG_COMPILER_APPICON_NAME = AppIcon;
				DEVELOPMENT_TEAM = 9N4HA7TLU8;
				INFOPLIST_FILE = PagingSample/Info.plist;
				LD_RUNPATH_SEARCH_PATHS = "$(inherited) @executable_path/Frameworks";
				PRODUCT_BUNDLE_IDENTIFIER = nyc.flax.PagingSample;
				PRODUCT_NAME = "$(TARGET_NAME)";
				SWIFT_VERSION = 3.0;
			};
			name = Release;
		};
/* End XCBuildConfiguration section */

/* Begin XCConfigurationList section */
		FE1720011F02998C00603E51 /* Build configuration list for PBXProject "PagingSample" */ = {
			isa = XCConfigurationList;
			buildConfigurations = (
				FE1720161F02998C00603E51 /* Debug */,
				FE1720171F02998C00603E51 /* Release */,
			);
			defaultConfigurationIsVisible = 0;
			defaultConfigurationName = Release;
		};
		FE1720181F02998C00603E51 /* Build configuration list for PBXNativeTarget "PagingSample" */ = {
			isa = XCConfigurationList;
			buildConfigurations = (
				FE1720191F02998C00603E51 /* Debug */,
				FE17201A1F02998C00603E51 /* Release */,
			);
			defaultConfigurationIsVisible = 0;
		};
/* End XCConfigurationList section */
	};
	rootObject = FE171FFE1F02998C00603E51 /* Project object */;
}
